// !$*UTF8*$!
{
	archiveVersion = 1;
	classes = {
	};
	objectVersion = 50;
	objects = {

/* Begin PBXBuildFile section */
		4AE9E25920FC40B9008E96C3 /* AppDelegate.swift in Sources */ = {isa = PBXBuildFile; fileRef = 4AE9E25820FC40B9008E96C3 /* AppDelegate.swift */; };
		4AE9E25B20FC40B9008E96C3 /* ViewController.swift in Sources */ = {isa = PBXBuildFile; fileRef = 4AE9E25A20FC40B9008E96C3 /* ViewController.swift */; };
		4AE9E25E20FC40B9008E96C3 /* Main.storyboard in Resources */ = {isa = PBXBuildFile; fileRef = 4AE9E25C20FC40B9008E96C3 /* Main.storyboard */; };
		4AE9E26020FC40BA008E96C3 /* Assets.xcassets in Resources */ = {isa = PBXBuildFile; fileRef = 4AE9E25F20FC40BA008E96C3 /* Assets.xcassets */; };
		4AE9E26320FC40BA008E96C3 /* LaunchScreen.storyboard in Resources */ = {isa = PBXBuildFile; fileRef = 4AE9E26120FC40BA008E96C3 /* LaunchScreen.storyboard */; };
		4AE9E26E20FC40BA008E96C3 /* AnimationPopViewDemoTests.swift in Sources */ = {isa = PBXBuildFile; fileRef = 4AE9E26D20FC40BA008E96C3 /* AnimationPopViewDemoTests.swift */; };
		4AE9E27920FC40BA008E96C3 /* AnimationPopViewDemoUITests.swift in Sources */ = {isa = PBXBuildFile; fileRef = 4AE9E27820FC40BA008E96C3 /* AnimationPopViewDemoUITests.swift */; };
/* End PBXBuildFile section */

/* Begin PBXContainerItemProxy section */
		4AE9E26A20FC40BA008E96C3 /* PBXContainerItemProxy */ = {
			isa = PBXContainerItemProxy;
			containerPortal = 4AE9E24D20FC40B9008E96C3 /* Project object */;
			proxyType = 1;
			remoteGlobalIDString = 4AE9E25420FC40B9008E96C3;
			remoteInfo = AnimationPopViewDemo;
		};
		4AE9E27520FC40BA008E96C3 /* PBXContainerItemProxy */ = {
			isa = PBXContainerItemProxy;
			containerPortal = 4AE9E24D20FC40B9008E96C3 /* Project object */;
			proxyType = 1;
			remoteGlobalIDString = 4AE9E25420FC40B9008E96C3;
			remoteInfo = AnimationPopViewDemo;
		};
/* End PBXContainerItemProxy section */

/* Begin PBXFileReference section */
		4AE9E25520FC40B9008E96C3 /* AnimationPopViewDemo.app */ = {isa = PBXFileReference; explicitFileType = wrapper.application; includeInIndex = 0; path = AnimationPopViewDemo.app; sourceTree = BUILT_PRODUCTS_DIR; };
		4AE9E25820FC40B9008E96C3 /* AppDelegate.swift */ = {isa = PBXFileReference; lastKnownFileType = sourcecode.swift; path = AppDelegate.swift; sourceTree = "<group>"; };
		4AE9E25A20FC40B9008E96C3 /* ViewController.swift */ = {isa = PBXFileReference; lastKnownFileType = sourcecode.swift; path = ViewController.swift; sourceTree = "<group>"; };
		4AE9E25D20FC40B9008E96C3 /* Base */ = {isa = PBXFileReference; lastKnownFileType = file.storyboard; name = Base; path = Base.lproj/Main.storyboard; sourceTree = "<group>"; };
		4AE9E25F20FC40BA008E96C3 /* Assets.xcassets */ = {isa = PBXFileReference; lastKnownFileType = folder.assetcatalog; path = Assets.xcassets; sourceTree = "<group>"; };
		4AE9E26220FC40BA008E96C3 /* Base */ = {isa = PBXFileReference; lastKnownFileType = file.storyboard; name = Base; path = Base.lproj/LaunchScreen.storyboard; sourceTree = "<group>"; };
		4AE9E26420FC40BA008E96C3 /* Info.plist */ = {isa = PBXFileReference; lastKnownFileType = text.plist.xml; path = Info.plist; sourceTree = "<group>"; };
		4AE9E26920FC40BA008E96C3 /* AnimationPopViewDemoTests.xctest */ = {isa = PBXFileReference; explicitFileType = wrapper.cfbundle; includeInIndex = 0; path = AnimationPopViewDemoTests.xctest; sourceTree = BUILT_PRODUCTS_DIR; };
		4AE9E26D20FC40BA008E96C3 /* AnimationPopViewDemoTests.swift */ = {isa = PBXFileReference; lastKnownFileType = sourcecode.swift; path = AnimationPopViewDemoTests.swift; sourceTree = "<group>"; };
		4AE9E26F20FC40BA008E96C3 /* Info.plist */ = {isa = PBXFileReference; lastKnownFileType = text.plist.xml; path = Info.plist; sourceTree = "<group>"; };
		4AE9E27420FC40BA008E96C3 /* AnimationPopViewDemoUITests.xctest */ = {isa = PBXFileReference; explicitFileType = wrapper.cfbundle; includeInIndex = 0; path = AnimationPopViewDemoUITests.xctest; sourceTree = BUILT_PRODUCTS_DIR; };
		4AE9E27820FC40BA008E96C3 /* AnimationPopViewDemoUITests.swift */ = {isa = PBXFileReference; lastKnownFileType = sourcecode.swift; path = AnimationPopViewDemoUITests.swift; sourceTree = "<group>"; };
		4AE9E27A20FC40BA008E96C3 /* Info.plist */ = {isa = PBXFileReference; lastKnownFileType = text.plist.xml; path = Info.plist; sourceTree = "<group>"; };
/* End PBXFileReference section */

/* Begin PBXFrameworksBuildPhase section */
		4AE9E25220FC40B9008E96C3 /* Frameworks */ = {
			isa = PBXFrameworksBuildPhase;
			buildActionMask = 2147483647;
			files = (
			);
			runOnlyForDeploymentPostprocessing = 0;
		};
		4AE9E26620FC40BA008E96C3 /* Frameworks */ = {
			isa = PBXFrameworksBuildPhase;
			buildActionMask = 2147483647;
			files = (
			);
			runOnlyForDeploymentPostprocessing = 0;
		};
		4AE9E27120FC40BA008E96C3 /* Frameworks */ = {
			isa = PBXFrameworksBuildPhase;
			buildActionMask = 2147483647;
			files = (
			);
			runOnlyForDeploymentPostprocessing = 0;
		};
/* End PBXFrameworksBuildPhase section */

/* Begin PBXGroup section */
		4AE9E24C20FC40B9008E96C3 = {
			isa = PBXGroup;
			children = (
				4AE9E25720FC40B9008E96C3 /* AnimationPopViewDemo */,
				4AE9E26C20FC40BA008E96C3 /* AnimationPopViewDemoTests */,
				4AE9E27720FC40BA008E96C3 /* AnimationPopViewDemoUITests */,
				4AE9E25620FC40B9008E96C3 /* Products */,
			);
			sourceTree = "<group>";
		};
		4AE9E25620FC40B9008E96C3 /* Products */ = {
			isa = PBXGroup;
			children = (
				4AE9E25520FC40B9008E96C3 /* AnimationPopViewDemo.app */,
				4AE9E26920FC40BA008E96C3 /* AnimationPopViewDemoTests.xctest */,
				4AE9E27420FC40BA008E96C3 /* AnimationPopViewDemoUITests.xctest */,
			);
			name = Products;
			sourceTree = "<group>";
		};
		4AE9E25720FC40B9008E96C3 /* AnimationPopViewDemo */ = {
			isa = PBXGroup;
			children = (
				4AE9E25820FC40B9008E96C3 /* AppDelegate.swift */,
				4AE9E25A20FC40B9008E96C3 /* ViewController.swift */,
				4AE9E25C20FC40B9008E96C3 /* Main.storyboard */,
				4AE9E25F20FC40BA008E96C3 /* Assets.xcassets */,
				4AE9E26120FC40BA008E96C3 /* LaunchScreen.storyboard */,
				4AE9E26420FC40BA008E96C3 /* Info.plist */,
			);
			path = AnimationPopViewDemo;
			sourceTree = "<group>";
		};
		4AE9E26C20FC40BA008E96C3 /* AnimationPopViewDemoTests */ = {
			isa = PBXGroup;
			children = (
				4AE9E26D20FC40BA008E96C3 /* AnimationPopViewDemoTests.swift */,
				4AE9E26F20FC40BA008E96C3 /* Info.plist */,
			);
			path = AnimationPopViewDemoTests;
			sourceTree = "<group>";
		};
		4AE9E27720FC40BA008E96C3 /* AnimationPopViewDemoUITests */ = {
			isa = PBXGroup;
			children = (
				4AE9E27820FC40BA008E96C3 /* AnimationPopViewDemoUITests.swift */,
				4AE9E27A20FC40BA008E96C3 /* Info.plist */,
			);
			path = AnimationPopViewDemoUITests;
			sourceTree = "<group>";
		};
/* End PBXGroup section */

/* Begin PBXNativeTarget section */
		4AE9E25420FC40B9008E96C3 /* AnimationPopViewDemo */ = {
			isa = PBXNativeTarget;
			buildConfigurationList = 4AE9E27D20FC40BA008E96C3 /* Build configuration list for PBXNativeTarget "AnimationPopViewDemo" */;
			buildPhases = (
				4AE9E25120FC40B9008E96C3 /* Sources */,
				4AE9E25220FC40B9008E96C3 /* Frameworks */,
				4AE9E25320FC40B9008E96C3 /* Resources */,
			);
			buildRules = (
			);
			dependencies = (
			);
			name = AnimationPopViewDemo;
			productName = AnimationPopViewDemo;
			productReference = 4AE9E25520FC40B9008E96C3 /* AnimationPopViewDemo.app */;
			productType = "com.apple.product-type.application";
		};
		4AE9E26820FC40BA008E96C3 /* AnimationPopViewDemoTests */ = {
			isa = PBXNativeTarget;
			buildConfigurationList = 4AE9E28020FC40BA008E96C3 /* Build configuration list for PBXNativeTarget "AnimationPopViewDemoTests" */;
			buildPhases = (
				4AE9E26520FC40BA008E96C3 /* Sources */,
				4AE9E26620FC40BA008E96C3 /* Frameworks */,
				4AE9E26720FC40BA008E96C3 /* Resources */,
			);
			buildRules = (
			);
			dependencies = (
				4AE9E26B20FC40BA008E96C3 /* PBXTargetDependency */,
			);
			name = AnimationPopViewDemoTests;
			productName = AnimationPopViewDemoTests;
			productReference = 4AE9E26920FC40BA008E96C3 /* AnimationPopViewDemoTests.xctest */;
			productType = "com.apple.product-type.bundle.unit-test";
		};
		4AE9E27320FC40BA008E96C3 /* AnimationPopViewDemoUITests */ = {
			isa = PBXNativeTarget;
			buildConfigurationList = 4AE9E28320FC40BA008E96C3 /* Build configuration list for PBXNativeTarget "AnimationPopViewDemoUITests" */;
			buildPhases = (
				4AE9E27020FC40BA008E96C3 /* Sources */,
				4AE9E27120FC40BA008E96C3 /* Frameworks */,
				4AE9E27220FC40BA008E96C3 /* Resources */,
			);
			buildRules = (
			);
			dependencies = (
				4AE9E27620FC40BA008E96C3 /* PBXTargetDependency */,
			);
			name = AnimationPopViewDemoUITests;
			productName = AnimationPopViewDemoUITests;
			productReference = 4AE9E27420FC40BA008E96C3 /* AnimationPopViewDemoUITests.xctest */;
			productType = "com.apple.product-type.bundle.ui-testing";
		};
/* End PBXNativeTarget section */

/* Begin PBXProject section */
		4AE9E24D20FC40B9008E96C3 /* Project object */ = {
			isa = PBXProject;
			attributes = {
				LastSwiftUpdateCheck = 0930;
				LastUpgradeCheck = 0930;
				ORGANIZATIONNAME = Cary;
				TargetAttributes = {
					4AE9E25420FC40B9008E96C3 = {
						CreatedOnToolsVersion = 9.3;
					};
					4AE9E26820FC40BA008E96C3 = {
						CreatedOnToolsVersion = 9.3;
						TestTargetID = 4AE9E25420FC40B9008E96C3;
					};
					4AE9E27320FC40BA008E96C3 = {
						CreatedOnToolsVersion = 9.3;
						TestTargetID = 4AE9E25420FC40B9008E96C3;
					};
				};
			};
			buildConfigurationList = 4AE9E25020FC40B9008E96C3 /* Build configuration list for PBXProject "AnimationPopViewDemo" */;
			compatibilityVersion = "Xcode 9.3";
			developmentRegion = en;
			hasScannedForEncodings = 0;
			knownRegions = (
				en,
				Base,
			);
			mainGroup = 4AE9E24C20FC40B9008E96C3;
			productRefGroup = 4AE9E25620FC40B9008E96C3 /* Products */;
			projectDirPath = "";
			projectRoot = "";
			targets = (
				4AE9E25420FC40B9008E96C3 /* AnimationPopViewDemo */,
				4AE9E26820FC40BA008E96C3 /* AnimationPopViewDemoTests */,
				4AE9E27320FC40BA008E96C3 /* AnimationPopViewDemoUITests */,
			);
		};
/* End PBXProject section */

/* Begin PBXResourcesBuildPhase section */
		4AE9E25320FC40B9008E96C3 /* Resources */ = {
			isa = PBXResourcesBuildPhase;
			buildActionMask = 2147483647;
			files = (
				4AE9E26320FC40BA008E96C3 /* LaunchScreen.storyboard in Resources */,
				4AE9E26020FC40BA008E96C3 /* Assets.xcassets in Resources */,
				4AE9E25E20FC40B9008E96C3 /* Main.storyboard in Resources */,
			);
			runOnlyForDeploymentPostprocessing = 0;
		};
		4AE9E26720FC40BA008E96C3 /* Resources */ = {
			isa = PBXResourcesBuildPhase;
			buildActionMask = 2147483647;
			files = (
			);
			runOnlyForDeploymentPostprocessing = 0;
		};
		4AE9E27220FC40BA008E96C3 /* Resources */ = {
			isa = PBXResourcesBuildPhase;
			buildActionMask = 2147483647;
			files = (
			);
			runOnlyForDeploymentPostprocessing = 0;
		};
/* End PBXResourcesBuildPhase section */

/* Begin PBXSourcesBuildPhase section */
		4AE9E25120FC40B9008E96C3 /* Sources */ = {
			isa = PBXSourcesBuildPhase;
			buildActionMask = 2147483647;
			files = (
				4AE9E25B20FC40B9008E96C3 /* ViewController.swift in Sources */,
				4AE9E25920FC40B9008E96C3 /* AppDelegate.swift in Sources */,
			);
			runOnlyForDeploymentPostprocessing = 0;
		};
		4AE9E26520FC40BA008E96C3 /* Sources */ = {
			isa = PBXSourcesBuildPhase;
			buildActionMask = 2147483647;
			files = (
				4AE9E26E20FC40BA008E96C3 /* AnimationPopViewDemoTests.swift in Sources */,
			);
			runOnlyForDeploymentPostprocessing = 0;
		};
		4AE9E27020FC40BA008E96C3 /* Sources */ = {
			isa = PBXSourcesBuildPhase;
			buildActionMask = 2147483647;
			files = (
				4AE9E27920FC40BA008E96C3 /* AnimationPopViewDemoUITests.swift in Sources */,
			);
			runOnlyForDeploymentPostprocessing = 0;
		};
/* End PBXSourcesBuildPhase section */

/* Begin PBXTargetDependency section */
		4AE9E26B20FC40BA008E96C3 /* PBXTargetDependency */ = {
			isa = PBXTargetDependency;
			target = 4AE9E25420FC40B9008E96C3 /* AnimationPopViewDemo */;
			targetProxy = 4AE9E26A20FC40BA008E96C3 /* PBXContainerItemProxy */;
		};
		4AE9E27620FC40BA008E96C3 /* PBXTargetDependency */ = {
			isa = PBXTargetDependency;
			target = 4AE9E25420FC40B9008E96C3 /* AnimationPopViewDemo */;
			targetProxy = 4AE9E27520FC40BA008E96C3 /* PBXContainerItemProxy */;
		};
/* End PBXTargetDependency section */

/* Begin PBXVariantGroup section */
		4AE9E25C20FC40B9008E96C3 /* Main.storyboard */ = {
			isa = PBXVariantGroup;
			children = (
				4AE9E25D20FC40B9008E96C3 /* Base */,
			);
			name = Main.storyboard;
			sourceTree = "<group>";
		};
		4AE9E26120FC40BA008E96C3 /* LaunchScreen.storyboard */ = {
			isa = PBXVariantGroup;
			children = (
				4AE9E26220FC40BA008E96C3 /* Base */,
			);
			name = LaunchScreen.storyboard;
			sourceTree = "<group>";
		};
/* End PBXVariantGroup section */

/* Begin XCBuildConfiguration section */
		4AE9E27B20FC40BA008E96C3 /* Debug */ = {
			isa = XCBuildConfiguration;
			buildSettings = {
				ALWAYS_SEARCH_USER_PATHS = NO;
				CLANG_ANALYZER_NONNULL = YES;
				CLANG_ANALYZER_NUMBER_OBJECT_CONVERSION = YES_AGGRESSIVE;
				CLANG_CXX_LANGUAGE_STANDARD = "gnu++14";
				CLANG_CXX_LIBRARY = "libc++";
				CLANG_ENABLE_MODULES = YES;
				CLANG_ENABLE_OBJC_ARC = YES;
				CLANG_ENABLE_OBJC_WEAK = YES;
				CLANG_WARN_BLOCK_CAPTURE_AUTORELEASING = YES;
				CLANG_WARN_BOOL_CONVERSION = YES;
				CLANG_WARN_COMMA = YES;
				CLANG_WARN_CONSTANT_CONVERSION = YES;
				CLANG_WARN_DEPRECATED_OBJC_IMPLEMENTATIONS = YES;
				CLANG_WARN_DIRECT_OBJC_ISA_USAGE = YES_ERROR;
				CLANG_WARN_DOCUMENTATION_COMMENTS = YES;
				CLANG_WARN_EMPTY_BODY = YES;
				CLANG_WARN_ENUM_CONVERSION = YES;
				CLANG_WARN_INFINITE_RECURSION = YES;
				CLANG_WARN_INT_CONVERSION = YES;
				CLANG_WARN_NON_LITERAL_NULL_CONVERSION = YES;
				CLANG_WARN_OBJC_IMPLICIT_RETAIN_SELF = YES;
				CLANG_WARN_OBJC_LITERAL_CONVERSION = YES;
				CLANG_WARN_OBJC_ROOT_CLASS = YES_ERROR;
				CLANG_WARN_RANGE_LOOP_ANALYSIS = YES;
				CLANG_WARN_STRICT_PROTOTYPES = YES;
				CLANG_WARN_SUSPICIOUS_MOVE = YES;
				CLANG_WARN_UNGUARDED_AVAILABILITY = YES_AGGRESSIVE;
				CLANG_WARN_UNREACHABLE_CODE = YES;
				CLANG_WARN__DUPLICATE_METHOD_MATCH = YES;
				CODE_SIGN_IDENTITY = "iPhone Developer";
				COPY_PHASE_STRIP = NO;
				DEBUG_INFORMATION_FORMAT = dwarf;
				ENABLE_STRICT_OBJC_MSGSEND = YES;
				ENABLE_TESTABILITY = YES;
				GCC_C_LANGUAGE_STANDARD = gnu11;
				GCC_DYNAMIC_NO_PIC = NO;
				GCC_NO_COMMON_BLOCKS = YES;
				GCC_OPTIMIZATION_LEVEL = 0;
				GCC_PREPROCESSOR_DEFINITIONS = (
					"DEBUG=1",
					"$(inherited)",
				);
				GCC_WARN_64_TO_32_BIT_CONVERSION = YES;
				GCC_WARN_ABOUT_RETURN_TYPE = YES_ERROR;
				GCC_WARN_UNDECLARED_SELECTOR = YES;
				GCC_WARN_UNINITIALIZED_AUTOS = YES_AGGRESSIVE;
				GCC_WARN_UNUSED_FUNCTION = YES;
				GCC_WARN_UNUSED_VARIABLE = YES;
				IPHONEOS_DEPLOYMENT_TARGET = 11.3;
				MTL_ENABLE_DEBUG_INFO = YES;
				ONLY_ACTIVE_ARCH = YES;
				SDKROOT = iphoneos;
				SWIFT_ACTIVE_COMPILATION_CONDITIONS = DEBUG;
				SWIFT_OPTIMIZATION_LEVEL = "-Onone";
			};
			name = Debug;
		};
		4AE9E27C20FC40BA008E96C3 /* Release */ = {
			isa = XCBuildConfiguration;
			buildSettings = {
				ALWAYS_SEARCH_USER_PATHS = NO;
				CLANG_ANALYZER_NONNULL = YES;
				CLANG_ANALYZER_NUMBER_OBJECT_CONVERSION = YES_AGGRESSIVE;
				CLANG_CXX_LANGUAGE_STANDARD = "gnu++14";
				CLANG_CXX_LIBRARY = "libc++";
				CLANG_ENABLE_MODULES = YES;
				CLANG_ENABLE_OBJC_ARC = YES;
				CLANG_ENABLE_OBJC_WEAK = YES;
				CLANG_WARN_BLOCK_CAPTURE_AUTORELEASING = YES;
				CLANG_WARN_BOOL_CONVERSION = YES;
				CLANG_WARN_COMMA = YES;
				CLANG_WARN_CONSTANT_CONVERSION = YES;
				CLANG_WARN_DEPRECATED_OBJC_IMPLEMENTATIONS = YES;
				CLANG_WARN_DIRECT_OBJC_ISA_USAGE = YES_ERROR;
				CLANG_WARN_DOCUMENTATION_COMMENTS = YES;
				CLANG_WARN_EMPTY_BODY = YES;
				CLANG_WARN_ENUM_CONVERSION = YES;
				CLANG_WARN_INFINITE_RECURSION = YES;
				CLANG_WARN_INT_CONVERSION = YES;
				CLANG_WARN_NON_LITERAL_NULL_CONVERSION = YES;
				CLANG_WARN_OBJC_IMPLICIT_RETAIN_SELF = YES;
				CLANG_WARN_OBJC_LITERAL_CONVERSION = YES;
				CLANG_WARN_OBJC_ROOT_CLASS = YES_ERROR;
				CLANG_WARN_RANGE_LOOP_ANALYSIS = YES;
				CLANG_WARN_STRICT_PROTOTYPES = YES;
				CLANG_WARN_SUSPICIOUS_MOVE = YES;
				CLANG_WARN_UNGUARDED_AVAILABILITY = YES_AGGRESSIVE;
				CLANG_WARN_UNREACHABLE_CODE = YES;
				CLANG_WARN__DUPLICATE_METHOD_MATCH = YES;
				CODE_SIGN_IDENTITY = "iPhone Developer";
				COPY_PHASE_STRIP = NO;
				DEBUG_INFORMATION_FORMAT = "dwarf-with-dsym";
				ENABLE_NS_ASSERTIONS = NO;
				ENABLE_STRICT_OBJC_MSGSEND = YES;
				GCC_C_LANGUAGE_STANDARD = gnu11;
				GCC_NO_COMMON_BLOCKS = YES;
				GCC_WARN_64_TO_32_BIT_CONVERSION = YES;
				GCC_WARN_ABOUT_RETURN_TYPE = YES_ERROR;
				GCC_WARN_UNDECLARED_SELECTOR = YES;
				GCC_WARN_UNINITIALIZED_AUTOS = YES_AGGRESSIVE;
				GCC_WARN_UNUSED_FUNCTION = YES;
				GCC_WARN_UNUSED_VARIABLE = YES;
				IPHONEOS_DEPLOYMENT_TARGET = 11.3;
				MTL_ENABLE_DEBUG_INFO = NO;
				SDKROOT = iphoneos;
				SWIFT_COMPILATION_MODE = wholemodule;
				SWIFT_OPTIMIZATION_LEVEL = "-O";
				VALIDATE_PRODUCT = YES;
			};
			name = Release;
		};
		4AE9E27E20FC40BA008E96C3 /* Debug */ = {
			isa = XCBuildConfiguration;
			buildSettings = {
				ASSETCATALOG_COMPILER_APPICON_NAME = AppIcon;
				CODE_SIGN_STYLE = Automatic;
				INFOPLIST_FILE = AnimationPopViewDemo/Info.plist;
				LD_RUNPATH_SEARCH_PATHS = (
					"$(inherited)",
					"@executable_path/Frameworks",
				);
				PRODUCT_BUNDLE_IDENTIFIER = com.ZexueEducation.AnimationPopViewDemo;
				PRODUCT_NAME = "$(TARGET_NAME)";
				SWIFT_VERSION = 4.0;
				TARGETED_DEVICE_FAMILY = "1,2";
			};
			name = Debug;
		};
		4AE9E27F20FC40BA008E96C3 /* Release */ = {
			isa = XCBuildConfiguration;
			buildSettings = {
				ASSETCATALOG_COMPILER_APPICON_NAME = AppIcon;
				CODE_SIGN_STYLE = Automatic;
				INFOPLIST_FILE = AnimationPopViewDemo/Info.plist;
				LD_RUNPATH_SEARCH_PATHS = (
					"$(inherited)",
					"@executable_path/Frameworks",
				);
				PRODUCT_BUNDLE_IDENTIFIER = com.ZexueEducation.AnimationPopViewDemo;
				PRODUCT_NAME = "$(TARGET_NAME)";
				SWIFT_VERSION = 4.0;
				TARGETED_DEVICE_FAMILY = "1,2";
			};
			name = Release;
		};
		4AE9E28120FC40BA008E96C3 /* Debug */ = {
			isa = XCBuildConfiguration;
			buildSettings = {
				ALWAYS_EMBED_SWIFT_STANDARD_LIBRARIES = YES;
				BUNDLE_LOADER = "$(TEST_HOST)";
				CODE_SIGN_STYLE = Automatic;
				INFOPLIST_FILE = AnimationPopViewDemoTests/Info.plist;
				LD_RUNPATH_SEARCH_PATHS = (
					"$(inherited)",
					"@executable_path/Frameworks",
					"@loader_path/Frameworks",
				);
				PRODUCT_BUNDLE_IDENTIFIER = com.ZexueEducation.AnimationPopViewDemoTests;
				PRODUCT_NAME = "$(TARGET_NAME)";
				SWIFT_VERSION = 4.0;
				TARGETED_DEVICE_FAMILY = "1,2";
				TEST_HOST = "$(BUILT_PRODUCTS_DIR)/AnimationPopViewDemo.app/AnimationPopViewDemo";
			};
			name = Debug;
		};
		4AE9E28220FC40BA008E96C3 /* Release */ = {
			isa = XCBuildConfiguration;
			buildSettings = {
				ALWAYS_EMBED_SWIFT_STANDARD_LIBRARIES = YES;
				BUNDLE_LOADER = "$(TEST_HOST)";
				CODE_SIGN_STYLE = Automatic;
				INFOPLIST_FILE = AnimationPopViewDemoTests/Info.plist;
				LD_RUNPATH_SEARCH_PATHS = (
					"$(inherited)",
					"@executable_path/Frameworks",
					"@loader_path/Frameworks",
				);
				PRODUCT_BUNDLE_IDENTIFIER = com.ZexueEducation.AnimationPopViewDemoTests;
				PRODUCT_NAME = "$(TARGET_NAME)";
				SWIFT_VERSION = 4.0;
				TARGETED_DEVICE_FAMILY = "1,2";
				TEST_HOST = "$(BUILT_PRODUCTS_DIR)/AnimationPopViewDemo.app/AnimationPopViewDemo";
			};
			name = Release;
		};
		4AE9E28420FC40BA008E96C3 /* Debug */ = {
			isa = XCBuildConfiguration;
			buildSettings = {
				ALWAYS_EMBED_SWIFT_STANDARD_LIBRARIES = YES;
				CODE_SIGN_STYLE = Automatic;
				INFOPLIST_FILE = AnimationPopViewDemoUITests/Info.plist;
				LD_RUNPATH_SEARCH_PATHS = (
					"$(inherited)",
					"@executable_path/Frameworks",
					"@loader_path/Frameworks",
				);
				PRODUCT_BUNDLE_IDENTIFIER = com.ZexueEducation.AnimationPopViewDemoUITests;
				PRODUCT_NAME = "$(TARGET_NAME)";
				SWIFT_VERSION = 4.0;
				TARGETED_DEVICE_FAMILY = "1,2";
				TEST_TARGET_NAME = AnimationPopViewDemo;
			};
			name = Debug;
		};
		4AE9E28520FC40BA008E96C3 /* Release */ = {
			isa = XCBuildConfiguration;
			buildSettings = {
				ALWAYS_EMBED_SWIFT_STANDARD_LIBRARIES = YES;
				CODE_SIGN_STYLE = Automatic;
				INFOPLIST_FILE = AnimationPopViewDemoUITests/Info.plist;
				LD_RUNPATH_SEARCH_PATHS = (
					"$(inherited)",
					"@executable_path/Frameworks",
					"@loader_path/Frameworks",
				);
				PRODUCT_BUNDLE_IDENTIFIER = com.ZexueEducation.AnimationPopViewDemoUITests;
				PRODUCT_NAME = "$(TARGET_NAME)";
				SWIFT_VERSION = 4.0;
				TARGETED_DEVICE_FAMILY = "1,2";
				TEST_TARGET_NAME = AnimationPopViewDemo;
			};
			name = Release;
		};
/* End XCBuildConfiguration section */

/* Begin XCConfigurationList section */
		4AE9E25020FC40B9008E96C3 /* Build configuration list for PBXProject "AnimationPopViewDemo" */ = {
			isa = XCConfigurationList;
			buildConfigurations = (
				4AE9E27B20FC40BA008E96C3 /* Debug */,
				4AE9E27C20FC40BA008E96C3 /* Release */,
			);
			defaultConfigurationIsVisible = 0;
			defaultConfigurationName = Release;
		};
		4AE9E27D20FC40BA008E96C3 /* Build configuration list for PBXNativeTarget "AnimationPopViewDemo" */ = {
			isa = XCConfigurationList;
			buildConfigurations = (
				4AE9E27E20FC40BA008E96C3 /* Debug */,
				4AE9E27F20FC40BA008E96C3 /* Release */,
			);
			defaultConfigurationIsVisible = 0;
			defaultConfigurationName = Release;
		};
		4AE9E28020FC40BA008E96C3 /* Build configuration list for PBXNativeTarget "AnimationPopViewDemoTests" */ = {
			isa = XCConfigurationList;
			buildConfigurations = (
				4AE9E28120FC40BA008E96C3 /* Debug */,
				4AE9E28220FC40BA008E96C3 /* Release */,
			);
			defaultConfigurationIsVisible = 0;
			defaultConfigurationName = Release;
		};
		4AE9E28320FC40BA008E96C3 /* Build configuration list for PBXNativeTarget "AnimationPopViewDemoUITests" */ = {
			isa = XCConfigurationList;
			buildConfigurations = (
				4AE9E28420FC40BA008E96C3 /* Debug */,
				4AE9E28520FC40BA008E96C3 /* Release */,
			);
			defaultConfigurationIsVisible = 0;
			defaultConfigurationName = Release;
		};
/* End XCConfigurationList section */
	};
	rootObject = 4AE9E24D20FC40B9008E96C3 /* Project object */;
}
